
Microsoft Visual Studio Solution File, Format Version 12.00
# Visual Studio Version 17
VisualStudioVersion = 17.3.32901.215
MinimumVisualStudioVersion = 10.0.40219.1
Project("{FAE04EC0-301F-11D3-BF4B-00C04F79EFBC}") = "BrickLinkBrickSet", "BrickLinkBrickSet.csproj", "{19BA2F82-3B0E-4D5B-8F4A-B78A29C83728}"
EndProject
Project("{2150E333-8FDC-42A3-9474-1A3956D46DE8}") = "Solution Items", "Solution Items", "{1C4527FB-6B37-4817-9710-39D5CCE918F9}"
	ProjectSection(SolutionItems) = preProject
		Create_DB_Table.sql = Create_DB_Table.sql
	EndProjectSection
EndProject
Global
	GlobalSection(SolutionConfigurationPlatforms) = preSolution
		Debug|Any CPU = Debug|Any CPU
		Release|Any CPU = Release|Any CPU
	EndGlobalSection
	GlobalSection(ProjectConfigurationPlatforms) = postSolution
		{19BA2F82-3B0E-4D5B-8F4A-B78A29C83728}.Debug|Any CPU.ActiveCfg = Debug|Any CPU
		{19BA2F82-3B0E-4D5B-8F4A-B78A29C83728}.Debug|Any CPU.Build.0 = Debug|Any CPU
		{19BA2F82-3B0E-4D5B-8F4A-B78A29C83728}.Release|Any CPU.ActiveCfg = Release|Any CPU
		{19BA2F82-3B0E-4D5B-8F4A-B78A29C83728}.Release|Any CPU.Build.0 = Release|Any CPU
	EndGlobalSection
	GlobalSection(SolutionProperties) = preSolution
		HideSolutionNode = FALSE
	EndGlobalSection
	GlobalSection(ExtensibilityGlobals) = postSolution
		SolutionGuid = {87FEA3A7-4F9E-4CEA-AAD3-F8F4AB30FB78}
	EndGlobalSection
EndGlobal
